
Microsoft Visual Studio Solution File, Format Version 12.00
# Visual Studio Version 17
VisualStudioVersion = 17.7.34031.279
MinimumVisualStudioVersion = 10.0.40219.1
Project("{9A19103F-16F7-4668-BE54-9A1E7A4F7556}") = "TiposDeDados1", "TiposDeDados1\TiposDeDados1.csproj", "{32935418-5ED2-480B-8351-407A3AFB0B53}"
EndProject
Project("{9A19103F-16F7-4668-BE54-9A1E7A4F7556}") = "TipoDeDados2", "TipoDeDados2\TipoDeDados2.csproj", "{B3079997-374E-469A-B88D-06FB64CC5842}"
EndProject
Project("{9A19103F-16F7-4668-BE54-9A1E7A4F7556}") = "TiposDeDados3", "TiposDeDados3\TiposDeDados3.csproj", "{158875CD-9151-422A-B206-1A6B106BCFFC}"
EndProject
Project("{9A19103F-16F7-4668-BE54-9A1E7A4F7556}") = "TiposDeDados4", "TiposDeDados4\TiposDeDados4.csproj", "{E3A90158-8AC6-4245-A720-D051F55D53A2}"
EndProject
Project("{9A19103F-16F7-4668-BE54-9A1E7A4F7556}") = "TipoDateTime1", "TipoDateTime1\TipoDateTime1.csproj", "{B516502C-29B2-4F9A-9E5B-3D949A0D3B80}"
EndProject
Project("{9A19103F-16F7-4668-BE54-9A1E7A4F7556}") = "NullableTypes1", "NullableTypes1\NullableTypes1.csproj", "{22F8EB18-E82A-4A94-B47B-EA9D7A18985F}"
EndProject
Project("{9A19103F-16F7-4668-BE54-9A1E7A4F7556}") = "Identificadores", "Identificadores\Identificadores.csproj", "{AB5CA121-6F93-45F5-83F1-F026C1235618}"
EndProject
Project("{9A19103F-16F7-4668-BE54-9A1E7A4F7556}") = "exerciciosPropostos", "exerciciosPropostos\exerciciosPropostos.csproj", "{CE2348AB-9F50-4880-BC00-189C269AD309}"
EndProject
Project("{9A19103F-16F7-4668-BE54-9A1E7A4F7556}") = "SaidaDados", "SaidaDados\SaidaDados.csproj", "{1A66730E-EA32-4391-AEC4-9D68C8D877BD}"
EndProject
Project("{9A19103F-16F7-4668-BE54-9A1E7A4F7556}") = "ContuacaoDeSaidaDeDados", "ContuacaoDeSaidaDeDados\ContuacaoDeSaidaDeDados.csproj", "{4A4AF1FB-21E1-476B-ABA6-FFC77D955CF9}"
EndProject
Project("{9A19103F-16F7-4668-BE54-9A1E7A4F7556}") = "TiposDeConversoesDeDados1", "TiposDeConversoesDeDados\TiposDeConversoesDeDados1.csproj", "{2B683580-D89E-44EE-AE4F-E47BFB0A7208}"
EndProject
Project("{2150E333-8FDC-42A3-9474-1A3956D46DE8}") = "Solution Items", "Solution Items", "{2052013C-80D0-42DE-BAA2-4646E53F13A7}"
	ProjectSection(SolutionItems) = preProject
		.gitignore = .gitignore
	EndProjectSection
EndProject
Project("{9A19103F-16F7-4668-BE54-9A1E7A4F7556}") = "ConversaoDetipos2", "ConversaoDeTiposII\ConversaoDetipos2.csproj", "{6FEAA09A-FA7D-4807-8170-65F2918CB55F}"
EndProject
Project("{9A19103F-16F7-4668-BE54-9A1E7A4F7556}") = "EntradaDeDados", "EntradaDeDados\EntradaDeDados.csproj", "{393040FC-244A-47A7-838C-8F512E5EBA38}"
EndProject
Project("{9A19103F-16F7-4668-BE54-9A1E7A4F7556}") = "OperadoresAritmeticos", "OperadoresAritmeticos\OperadoresAritmeticos.csproj", "{92E13247-3DBC-438B-AB09-A1F3F1DB6278}"
EndProject
Project("{9A19103F-16F7-4668-BE54-9A1E7A4F7556}") = "InferenciaTipo1", "InferenciaTipo1\InferenciaTipo1.csproj", "{54AB4A6C-653A-4683-9215-05476D394C46}"
EndProject
Project("{9A19103F-16F7-4668-BE54-9A1E7A4F7556}") = "OperadoresDeAtribuicao", "OperadoresDeAtribuicao\OperadoresDeAtribuicao.csproj", "{080EC215-210E-4095-9624-8DD97C822E16}"
EndProject
Project("{9A19103F-16F7-4668-BE54-9A1E7A4F7556}") = "Constantes", "Constantes\Constantes.csproj", "{D9BDDD43-AD0D-4116-978E-BDED6A4EE2C6}"
EndProject
Project("{9A19103F-16F7-4668-BE54-9A1E7A4F7556}") = "OperadoresDeIncrementoeDecremento", "OperadoresDeIncrementoeDecremento\OperadoresDeIncrementoeDecremento.csproj", "{EA98E304-5E90-451B-AB47-331028927491}"
EndProject
Project("{9A19103F-16F7-4668-BE54-9A1E7A4F7556}") = "OperadoresRelacionais", "OperadoresRelacionais\OperadoresRelacionais.csproj", "{BC2AC389-052B-48E8-A62B-432EDA35C904}"
EndProject
Project("{9A19103F-16F7-4668-BE54-9A1E7A4F7556}") = "OperadoresLogicos", "OperadoresLogicos\OperadoresLogicos.csproj", "{024C58CE-1E15-418A-BED8-2BDB96C4EEA2}"
EndProject
Project("{FAE04EC0-301F-11D3-BF4B-00C04F79EFBC}") = "PrecedenciaeAssociatividadeDeoperadores", "PrecedenciaeAssociatividadeDeoperadores\PrecedenciaeAssociatividadeDeoperadores.csproj", "{0A68FD80-2173-470D-BD7D-49D5E90A2EE9}"
EndProject
Global
	GlobalSection(SolutionConfigurationPlatforms) = preSolution
		Debug|Any CPU = Debug|Any CPU
		Release|Any CPU = Release|Any CPU
	EndGlobalSection
	GlobalSection(ProjectConfigurationPlatforms) = postSolution
		{32935418-5ED2-480B-8351-407A3AFB0B53}.Debug|Any CPU.ActiveCfg = Debug|Any CPU
		{32935418-5ED2-480B-8351-407A3AFB0B53}.Debug|Any CPU.Build.0 = Debug|Any CPU
		{32935418-5ED2-480B-8351-407A3AFB0B53}.Release|Any CPU.ActiveCfg = Release|Any CPU
		{32935418-5ED2-480B-8351-407A3AFB0B53}.Release|Any CPU.Build.0 = Release|Any CPU
		{B3079997-374E-469A-B88D-06FB64CC5842}.Debug|Any CPU.ActiveCfg = Debug|Any CPU
		{B3079997-374E-469A-B88D-06FB64CC5842}.Debug|Any CPU.Build.0 = Debug|Any CPU
		{B3079997-374E-469A-B88D-06FB64CC5842}.Release|Any CPU.ActiveCfg = Release|Any CPU
		{B3079997-374E-469A-B88D-06FB64CC5842}.Release|Any CPU.Build.0 = Release|Any CPU
		{158875CD-9151-422A-B206-1A6B106BCFFC}.Debug|Any CPU.ActiveCfg = Debug|Any CPU
		{158875CD-9151-422A-B206-1A6B106BCFFC}.Debug|Any CPU.Build.0 = Debug|Any CPU
		{158875CD-9151-422A-B206-1A6B106BCFFC}.Release|Any CPU.ActiveCfg = Release|Any CPU
		{158875CD-9151-422A-B206-1A6B106BCFFC}.Release|Any CPU.Build.0 = Release|Any CPU
		{E3A90158-8AC6-4245-A720-D051F55D53A2}.Debug|Any CPU.ActiveCfg = Debug|Any CPU
		{E3A90158-8AC6-4245-A720-D051F55D53A2}.Debug|Any CPU.Build.0 = Debug|Any CPU
		{E3A90158-8AC6-4245-A720-D051F55D53A2}.Release|Any CPU.ActiveCfg = Release|Any CPU
		{E3A90158-8AC6-4245-A720-D051F55D53A2}.Release|Any CPU.Build.0 = Release|Any CPU
		{B516502C-29B2-4F9A-9E5B-3D949A0D3B80}.Debug|Any CPU.ActiveCfg = Debug|Any CPU
		{B516502C-29B2-4F9A-9E5B-3D949A0D3B80}.Debug|Any CPU.Build.0 = Debug|Any CPU
		{B516502C-29B2-4F9A-9E5B-3D949A0D3B80}.Release|Any CPU.ActiveCfg = Release|Any CPU
		{B516502C-29B2-4F9A-9E5B-3D949A0D3B80}.Release|Any CPU.Build.0 = Release|Any CPU
		{22F8EB18-E82A-4A94-B47B-EA9D7A18985F}.Debug|Any CPU.ActiveCfg = Debug|Any CPU
		{22F8EB18-E82A-4A94-B47B-EA9D7A18985F}.Debug|Any CPU.Build.0 = Debug|Any CPU
		{22F8EB18-E82A-4A94-B47B-EA9D7A18985F}.Release|Any CPU.ActiveCfg = Release|Any CPU
		{22F8EB18-E82A-4A94-B47B-EA9D7A18985F}.Release|Any CPU.Build.0 = Release|Any CPU
		{AB5CA121-6F93-45F5-83F1-F026C1235618}.Debug|Any CPU.ActiveCfg = Debug|Any CPU
		{AB5CA121-6F93-45F5-83F1-F026C1235618}.Debug|Any CPU.Build.0 = Debug|Any CPU
		{AB5CA121-6F93-45F5-83F1-F026C1235618}.Release|Any CPU.ActiveCfg = Release|Any CPU
		{AB5CA121-6F93-45F5-83F1-F026C1235618}.Release|Any CPU.Build.0 = Release|Any CPU
		{CE2348AB-9F50-4880-BC00-189C269AD309}.Debug|Any CPU.ActiveCfg = Debug|Any CPU
		{CE2348AB-9F50-4880-BC00-189C269AD309}.Debug|Any CPU.Build.0 = Debug|Any CPU
		{CE2348AB-9F50-4880-BC00-189C269AD309}.Release|Any CPU.ActiveCfg = Release|Any CPU
		{CE2348AB-9F50-4880-BC00-189C269AD309}.Release|Any CPU.Build.0 = Release|Any CPU
		{1A66730E-EA32-4391-AEC4-9D68C8D877BD}.Debug|Any CPU.ActiveCfg = Debug|Any CPU
		{1A66730E-EA32-4391-AEC4-9D68C8D877BD}.Debug|Any CPU.Build.0 = Debug|Any CPU
		{1A66730E-EA32-4391-AEC4-9D68C8D877BD}.Release|Any CPU.ActiveCfg = Release|Any CPU
		{1A66730E-EA32-4391-AEC4-9D68C8D877BD}.Release|Any CPU.Build.0 = Release|Any CPU
		{4A4AF1FB-21E1-476B-ABA6-FFC77D955CF9}.Debug|Any CPU.ActiveCfg = Debug|Any CPU
		{4A4AF1FB-21E1-476B-ABA6-FFC77D955CF9}.Debug|Any CPU.Build.0 = Debug|Any CPU
		{4A4AF1FB-21E1-476B-ABA6-FFC77D955CF9}.Release|Any CPU.ActiveCfg = Release|Any CPU
		{4A4AF1FB-21E1-476B-ABA6-FFC77D955CF9}.Release|Any CPU.Build.0 = Release|Any CPU
		{2B683580-D89E-44EE-AE4F-E47BFB0A7208}.Debug|Any CPU.ActiveCfg = Debug|Any CPU
		{2B683580-D89E-44EE-AE4F-E47BFB0A7208}.Debug|Any CPU.Build.0 = Debug|Any CPU
		{2B683580-D89E-44EE-AE4F-E47BFB0A7208}.Release|Any CPU.ActiveCfg = Release|Any CPU
		{2B683580-D89E-44EE-AE4F-E47BFB0A7208}.Release|Any CPU.Build.0 = Release|Any CPU
		{6FEAA09A-FA7D-4807-8170-65F2918CB55F}.Debug|Any CPU.ActiveCfg = Debug|Any CPU
		{6FEAA09A-FA7D-4807-8170-65F2918CB55F}.Debug|Any CPU.Build.0 = Debug|Any CPU
		{6FEAA09A-FA7D-4807-8170-65F2918CB55F}.Release|Any CPU.ActiveCfg = Release|Any CPU
		{6FEAA09A-FA7D-4807-8170-65F2918CB55F}.Release|Any CPU.Build.0 = Release|Any CPU
		{393040FC-244A-47A7-838C-8F512E5EBA38}.Debug|Any CPU.ActiveCfg = Debug|Any CPU
		{393040FC-244A-47A7-838C-8F512E5EBA38}.Debug|Any CPU.Build.0 = Debug|Any CPU
		{393040FC-244A-47A7-838C-8F512E5EBA38}.Release|Any CPU.ActiveCfg = Release|Any CPU
		{393040FC-244A-47A7-838C-8F512E5EBA38}.Release|Any CPU.Build.0 = Release|Any CPU
		{92E13247-3DBC-438B-AB09-A1F3F1DB6278}.Debug|Any CPU.ActiveCfg = Debug|Any CPU
		{92E13247-3DBC-438B-AB09-A1F3F1DB6278}.Debug|Any CPU.Build.0 = Debug|Any CPU
		{92E13247-3DBC-438B-AB09-A1F3F1DB6278}.Release|Any CPU.ActiveCfg = Release|Any CPU
		{92E13247-3DBC-438B-AB09-A1F3F1DB6278}.Release|Any CPU.Build.0 = Release|Any CPU
		{54AB4A6C-653A-4683-9215-05476D394C46}.Debug|Any CPU.ActiveCfg = Debug|Any CPU
		{54AB4A6C-653A-4683-9215-05476D394C46}.Debug|Any CPU.Build.0 = Debug|Any CPU
		{54AB4A6C-653A-4683-9215-05476D394C46}.Release|Any CPU.ActiveCfg = Release|Any CPU
		{54AB4A6C-653A-4683-9215-05476D394C46}.Release|Any CPU.Build.0 = Release|Any CPU
		{080EC215-210E-4095-9624-8DD97C822E16}.Debug|Any CPU.ActiveCfg = Debug|Any CPU
		{080EC215-210E-4095-9624-8DD97C822E16}.Debug|Any CPU.Build.0 = Debug|Any CPU
		{080EC215-210E-4095-9624-8DD97C822E16}.Release|Any CPU.ActiveCfg = Release|Any CPU
		{080EC215-210E-4095-9624-8DD97C822E16}.Release|Any CPU.Build.0 = Release|Any CPU
		{D9BDDD43-AD0D-4116-978E-BDED6A4EE2C6}.Debug|Any CPU.ActiveCfg = Debug|Any CPU
		{D9BDDD43-AD0D-4116-978E-BDED6A4EE2C6}.Debug|Any CPU.Build.0 = Debug|Any CPU
		{D9BDDD43-AD0D-4116-978E-BDED6A4EE2C6}.Release|Any CPU.ActiveCfg = Release|Any CPU
		{D9BDDD43-AD0D-4116-978E-BDED6A4EE2C6}.Release|Any CPU.Build.0 = Release|Any CPU
		{EA98E304-5E90-451B-AB47-331028927491}.Debug|Any CPU.ActiveCfg = Debug|Any CPU
		{EA98E304-5E90-451B-AB47-331028927491}.Debug|Any CPU.Build.0 = Debug|Any CPU
		{EA98E304-5E90-451B-AB47-331028927491}.Release|Any CPU.ActiveCfg = Release|Any CPU
		{EA98E304-5E90-451B-AB47-331028927491}.Release|Any CPU.Build.0 = Release|Any CPU
		{BC2AC389-052B-48E8-A62B-432EDA35C904}.Debug|Any CPU.ActiveCfg = Debug|Any CPU
		{BC2AC389-052B-48E8-A62B-432EDA35C904}.Debug|Any CPU.Build.0 = Debug|Any CPU
		{BC2AC389-052B-48E8-A62B-432EDA35C904}.Release|Any CPU.ActiveCfg = Release|Any CPU
		{BC2AC389-052B-48E8-A62B-432EDA35C904}.Release|Any CPU.Build.0 = Release|Any CPU
		{024C58CE-1E15-418A-BED8-2BDB96C4EEA2}.Debug|Any CPU.ActiveCfg = Debug|Any CPU
		{024C58CE-1E15-418A-BED8-2BDB96C4EEA2}.Debug|Any CPU.Build.0 = Debug|Any CPU
		{024C58CE-1E15-418A-BED8-2BDB96C4EEA2}.Release|Any CPU.ActiveCfg = Release|Any CPU
		{024C58CE-1E15-418A-BED8-2BDB96C4EEA2}.Release|Any CPU.Build.0 = Release|Any CPU
		{0A68FD80-2173-470D-BD7D-49D5E90A2EE9}.Debug|Any CPU.ActiveCfg = Debug|Any CPU
		{0A68FD80-2173-470D-BD7D-49D5E90A2EE9}.Debug|Any CPU.Build.0 = Debug|Any CPU
		{0A68FD80-2173-470D-BD7D-49D5E90A2EE9}.Release|Any CPU.ActiveCfg = Release|Any CPU
		{0A68FD80-2173-470D-BD7D-49D5E90A2EE9}.Release|Any CPU.Build.0 = Release|Any CPU
	EndGlobalSection
	GlobalSection(SolutionProperties) = preSolution
		HideSolutionNode = FALSE
	EndGlobalSection
	GlobalSection(ExtensibilityGlobals) = postSolution
		SolutionGuid = {6C32A480-D65A-47CB-AB1E-776091C49CCE}
	EndGlobalSection
EndGlobal
